github.com/ecc1/cc1101 v0.0.0-20200213192228-67d65af647fa h1:3K4RcYmIF5wgbJkIRzY9N7+//0UIVcxXY0OjmjimvF4=
github.com/ecc1/cc1101 v0.0.0-20200213192228-67d65af647fa/go.mod h1:bX79L+HOcFmrG3zXUHrSS8jDfjOmR/OLpQ6yNTg6iAE=
github.com/ecc1/cc111x v0.0.0-20190717175223-bdf71148b791 h1:2dHyz/TxMDleCQG81rdAY9kn5XZug9gV8Q5jipbpvXs=
github.com/ecc1/cc111x v0.0.0-20190717175223-bdf71148b791/go.mod h1:VrKfnQvzzQH4xt1IfGVQSx5P8DZmLyOQjTzAnz1wVww=
github.com/ecc1/gpio v0.0.0-20171107174639-450ac9ea6df7 h1:87CukuBNR73j2KmipKlPkTLR1JaxTt0r9HXTDLUclD4=
github.com/ecc1/gpio v0.0.0-20171107174639-450ac9ea6df7/go.mod h1:LXSJyYdvUHvdCZFUJDqKHv0aRRXrTfZIVlYfBOslPmQ=
github.com/ecc1/nightscout v0.0.0-20200213203029-ed33226ae4c7 h1:1lXPKv8WNil2xfAMQ7B2YaU53j+PNgl8jRVBSw8AGGM=
github.com/ecc1/nightscout v0.0.0-20200213203029-ed33226ae4c7/go.mod h1:DEIYft0t/2xFPBA8hCqRh+ZB1vDk34JdmU4L5gTjDww=
github.com/ecc1/papertrail v0.0.0-20180201023728-df9ed971a7a4 h1:8+OWigohhMPxo6Lt9i9AXJGwqG74CBA6YRr8vBL1cCY=
github.com/ecc1/papertrail v0.0.0-20180201023728-df9ed971a7a4/go.mod h1:7L6EbYeVEr0TtlZZ33Hom8BKdY8P6BLg+z74kThMTMU=
github.com/ecc1/radio v0.0.0-20180304192111-a935dc251ef0 h1:YSYhEBsDZ5PkA3QF+MCcdCTGh0cGqzUBwkNe2TmmQOE=
github.com/ecc1/radio v0.0.0-20180304192111-a935dc251ef0/go.mod h1:yLbH0uEn8lzhmtDYjjg2Fsg301wuH7QQN6UOzHdEbMc=
github.com/ecc1/rfm69 v0.0.0-20190211182455-ce354642cbed h1:9Um90WvcZf1PWAVAMY72J9vEt5jq9YtCZoVEgUptlD8=
github.com/ecc1/rfm69 v0.0.0-20190211182455-ce354642cbed/go.mod h1:ZlveD9Wcq+0lRSQJ1BhaIHQOvtshznHf1G2Wq0+zUx8=
github.com/ecc1/serial v0.0.0-20200212223647-200c4b677936 h1:/2OiB4zKm6XEtyt/jb6YsMu98jENupzpIkYrcQZL/V8=
github.com/ecc1/serial v0.0.0-20200212223647-200c4b677936/go.mod h1:KVFkxgAso8sN1eJDLEh7i5rBNionZKkPS0s8ufr/P7I=
github.com/ecc1/spi v0.0.0-20180427171038-91ea03fbebdc h1:7vkglXEJSsURr6+2kUWNIdyAs6BLiyWewT2Rd5RLwXU=
github.com/ecc1/spi v0.0.0-20180427171038-91ea03fbebdc/go.mod h1:kz7+r1POrhfd5sbfwAlxTgDF2rztHpp1pDKsCkdmXVg=
golang.org/x/sys v0.0.0-20200212091648-12a6c2dcc1e4 h1:sfkvUWPNGwSV+8/fNqctR5lS2AqCSqYwXdrjCxp/dXo=
golang.org/x/sys v0.0.0-20200212091648-12a6c2dcc1e4/go.mod h1:h1NjWce9XRLGQEsW7wpKNCjG9DtNlClVuFLEZdDNbEs=
