github.com/ecc1/cc1101 v0.0.0-20200213192228-67d65af647fa h1:3K4RcYmIF5wgbJkIRzY9N7+//0UIVcxXY0OjmjimvF4=
github.com/ecc1/cc1101 v0.0.0-20200213192228-67d65af647fa/go.mod h1:bX79L+HOcFmrG3zXUHrSS8jDfjOmR/OLpQ6yNTg6iAE=
github.com/ecc1/cc111x v0.0.0-20200419171554-24a91f5263f2 h1:JyuI8P6wKv4wThGGlnHA7bKqAOOgBVDMZRUQjeRg+xg=
github.com/ecc1/cc111x v0.0.0-20200419171554-24a91f5263f2/go.mod h1:6BIm3r2boe1j7yQX7Yeb2BqiNfpMQpAsJFMNbGNXMrQ=
github.com/ecc1/gpio v0.0.0-20171107174639-450ac9ea6df7 h1:87CukuBNR73j2KmipKlPkTLR1JaxTt0r9HXTDLUclD4=
github.com/ecc1/gpio v0.0.0-20171107174639-450ac9ea6df7/go.mod h1:LXSJyYdvUHvdCZFUJDqKHv0aRRXrTfZIVlYfBOslPmQ=
github.com/ecc1/gpio v0.0.0-20200212231225-d40e43fcf8f5 h1:caoskihCyJpXaV3oRLl+jYuE+aLRnfcIprUQ6oBxTh8=
github.com/ecc1/gpio v0.0.0-20200212231225-d40e43fcf8f5/go.mod h1:ZcIrkf+E8KutUpAcNHOHaf2NYukHYOlYTCDxV5zzn04=
github.com/ecc1/nightscout v0.0.0-20200213203029-ed33226ae4c7 h1:1lXPKv8WNil2xfAMQ7B2YaU53j+PNgl8jRVBSw8AGGM=
github.com/ecc1/nightscout v0.0.0-20200213203029-ed33226ae4c7/go.mod h1:DEIYft0t/2xFPBA8hCqRh+ZB1vDk34JdmU4L5gTjDww=
github.com/ecc1/papertrail v0.0.0-20180201023728-df9ed971a7a4 h1:8+OWigohhMPxo6Lt9i9AXJGwqG74CBA6YRr8vBL1cCY=
github.com/ecc1/papertrail v0.0.0-20180201023728-df9ed971a7a4/go.mod h1:7L6EbYeVEr0TtlZZ33Hom8BKdY8P6BLg+z74kThMTMU=
github.com/ecc1/radio v0.0.0-20200419171134-0864efbcd270 h1:6UfUduLumb8ImfyTLwckaXAf5mVZ3ZsHWwzxePd4/iI=
github.com/ecc1/radio v0.0.0-20200419171134-0864efbcd270/go.mod h1:F2/WLpt9jko2RixQDhG6zjk+NTxkpO1Zwg/sdkmwSvs=
github.com/ecc1/rfm69 v0.0.0-20200419190357-9436306f5133 h1:+ZOwN4yq2d/jBhAEpQrzt3+Nf9cwcbgTk4KhJ2sAyzA=
github.com/ecc1/rfm69 v0.0.0-20200419190357-9436306f5133/go.mod h1:OnLdHNNJRhvW8fwoP+s0kpR7phf0xNoh/H5ZJn5j2Pk=
github.com/ecc1/rfm69 v0.0.0-20200419204709-806f65f1e062 h1:mCn3BMVkT+EmQRTVnPcvlIuniITNKvhp6cJFeeqAk/A=
github.com/ecc1/rfm69 v0.0.0-20200419204709-806f65f1e062/go.mod h1:OnLdHNNJRhvW8fwoP+s0kpR7phf0xNoh/H5ZJn5j2Pk=
github.com/ecc1/rfm95 v0.0.0-20200419191818-2b70f30738ca h1:S0L0pw7xhO9yyKXG8C6CrbnjDDKyjieYi5b0zffeHko=
github.com/ecc1/rfm95 v0.0.0-20200419191818-2b70f30738ca/go.mod h1:y+3/u8OsJNcd1s/ZiyT6tMXUXhXWcptJPwtt2zplt/0=
github.com/ecc1/rfm95 v0.0.0-20200419201426-d09e08b72117 h1:QOujUrrzy8uI6UKQoXV7YL0Ym0ZNuN6uqGWy4uacX2s=
github.com/ecc1/rfm95 v0.0.0-20200419201426-d09e08b72117/go.mod h1:y+3/u8OsJNcd1s/ZiyT6tMXUXhXWcptJPwtt2zplt/0=
github.com/ecc1/serial v0.0.0-20180304191528-0297a0e8dc68/go.mod h1:azRBTGcH8KoRxQod0AJ/q+LzJi8caYUWzAetZsdHlkc=
github.com/ecc1/serial v0.0.0-20200212223647-200c4b677936 h1:/2OiB4zKm6XEtyt/jb6YsMu98jENupzpIkYrcQZL/V8=
github.com/ecc1/serial v0.0.0-20200212223647-200c4b677936/go.mod h1:KVFkxgAso8sN1eJDLEh7i5rBNionZKkPS0s8ufr/P7I=
github.com/ecc1/spi v0.0.0-20200419165236-942b6408d3f6 h1:1LRSWNRed+sMmquyxvaqRF1H+1+r15IcnLqX0kHc7k4=
github.com/ecc1/spi v0.0.0-20200419165236-942b6408d3f6/go.mod h1:CkwtH+RWsm0GcBCmpi4jHsQjmRBnQejPEvxB95hjVDA=
golang.org/x/sys v0.0.0-20200212091648-12a6c2dcc1e4 h1:sfkvUWPNGwSV+8/fNqctR5lS2AqCSqYwXdrjCxp/dXo=
golang.org/x/sys v0.0.0-20200212091648-12a6c2dcc1e4/go.mod h1:h1NjWce9XRLGQEsW7wpKNCjG9DtNlClVuFLEZdDNbEs=
