github.com/ecc1/cc1101 v0.0.0-20200419173954-3b74f610a929 h1:ie9Tm5/Y3ORRoDOpaEwRbkbKP7NaNiyFMpu0AoVSdWk=
github.com/ecc1/cc1101 v0.0.0-20200419173954-3b74f610a929/go.mod h1:CwkNLw91abJCN+VvZ2Maz2QgORFPxdHogj3IL+jMF/A=
github.com/ecc1/cc111x v0.0.0-20200419171554-24a91f5263f2 h1:JyuI8P6wKv4wThGGlnHA7bKqAOOgBVDMZRUQjeRg+xg=
github.com/ecc1/cc111x v0.0.0-20200419171554-24a91f5263f2/go.mod h1:6BIm3r2boe1j7yQX7Yeb2BqiNfpMQpAsJFMNbGNXMrQ=
github.com/ecc1/gpio v0.0.0-20171107174639-450ac9ea6df7/go.mod h1:LXSJyYdvUHvdCZFUJDqKHv0aRRXrTfZIVlYfBOslPmQ=
github.com/ecc1/gpio v0.0.0-20200212231225-d40e43fcf8f5 h1:caoskihCyJpXaV3oRLl+jYuE+aLRnfcIprUQ6oBxTh8=
github.com/ecc1/gpio v0.0.0-20200212231225-d40e43fcf8f5/go.mod h1:ZcIrkf+E8KutUpAcNHOHaf2NYukHYOlYTCDxV5zzn04=
github.com/ecc1/nightscout v0.0.0-20210709200118-31cc51fd0188 h1:qinTqlQD6iUB5jrlk22u4tiPkU6OaGra1nlQ+UqKf3g=
github.com/ecc1/nightscout v0.0.0-20210709200118-31cc51fd0188/go.mod h1:DEIYft0t/2xFPBA8hCqRh+ZB1vDk34JdmU4L5gTjDww=
github.com/ecc1/papertrail v0.0.0-20200212224655-fa45b532e302 h1:cBp0+gNgH/QL1YRKkou4b2npjYyDfNnpye9a3GtokPs=
github.com/ecc1/papertrail v0.0.0-20200212224655-fa45b532e302/go.mod h1:z5d0p5KunEQpxL65kHRAfKk9jDaBtSgOUC+hLKEuj+A=
github.com/ecc1/radio v0.0.0-20200419171134-0864efbcd270 h1:6UfUduLumb8ImfyTLwckaXAf5mVZ3ZsHWwzxePd4/iI=
github.com/ecc1/radio v0.0.0-20200419171134-0864efbcd270/go.mod h1:F2/WLpt9jko2RixQDhG6zjk+NTxkpO1Zwg/sdkmwSvs=
github.com/ecc1/rfm69 v0.0.0-20200419204709-806f65f1e062 h1:mCn3BMVkT+EmQRTVnPcvlIuniITNKvhp6cJFeeqAk/A=
github.com/ecc1/rfm69 v0.0.0-20200419204709-806f65f1e062/go.mod h1:OnLdHNNJRhvW8fwoP+s0kpR7phf0xNoh/H5ZJn5j2Pk=
github.com/ecc1/rfm95 v0.0.0-20200708180402-343c671fa94f h1:Zgd/oGs/qcZ81PcOr4JgiCHSFmrHFgjDI9FBBXivOno=
github.com/ecc1/rfm95 v0.0.0-20200708180402-343c671fa94f/go.mod h1:y+3/u8OsJNcd1s/ZiyT6tMXUXhXWcptJPwtt2zplt/0=
github.com/ecc1/serial v0.0.0-20180304191528-0297a0e8dc68/go.mod h1:azRBTGcH8KoRxQod0AJ/q+LzJi8caYUWzAetZsdHlkc=
github.com/ecc1/serial v0.0.0-20200212223647-200c4b677936 h1:/2OiB4zKm6XEtyt/jb6YsMu98jENupzpIkYrcQZL/V8=
github.com/ecc1/serial v0.0.0-20200212223647-200c4b677936/go.mod h1:KVFkxgAso8sN1eJDLEh7i5rBNionZKkPS0s8ufr/P7I=
github.com/ecc1/spi v0.0.0-20200419165236-942b6408d3f6 h1:1LRSWNRed+sMmquyxvaqRF1H+1+r15IcnLqX0kHc7k4=
github.com/ecc1/spi v0.0.0-20200419165236-942b6408d3f6/go.mod h1:CkwtH+RWsm0GcBCmpi4jHsQjmRBnQejPEvxB95hjVDA=
golang.org/x/sys v0.0.0-20200212091648-12a6c2dcc1e4/go.mod h1:h1NjWce9XRLGQEsW7wpKNCjG9DtNlClVuFLEZdDNbEs=
golang.org/x/sys v0.1.0 h1:kunALQeHf1/185U1i0GOB/fy1IPRDDpuoOOqRReG57U=
golang.org/x/sys v0.1.0/go.mod h1:oPkhp1MJrh7nUepCBck5+mAzfO9JrbApNNgaTdGDITg=
